{
  "lockfile_version": "1",
  "packages": {
    "deno": {
      "resolved": "github:NixOS/nixpkgs/dc704e6102e76aad573f63b74c742cd96f8f1e6c?narHash=sha256-O7eHcgkQXJNygY6AypkF9tFhsoDQjpNEojw3eFs73Ow%3D#deno",
      "source": "nixpkg",
      "systems": {
        "aarch64-darwin": {
          "outputs": [
            {
              "path": "/nix/store/vznfz6qfxgshxi5myd024xrpgkgdm773-deno-2.5.2",
              "default": true
            }
          ]
        }
      }
    },
    "github:NixOS/nixpkgs/nixpkgs-unstable": {
      "last_modified": "2025-10-05T02:43:53Z",
      "resolved": "github:NixOS/nixpkgs/d7f52a7a640bc54c7bb414cca603835bf8dd4b10?lastModified=1759632233&narHash=sha256-krgZxGAIIIKFJS%2BUB0l8do3sYUDWJc75M72tepmVMzE%3D"
    }
  }
}
